
Microsoft Visual Studio Solution File, Format Version 12.00
# Visual Studio Version 16
VisualStudioVersion = 16.0.31729.503
MinimumVisualStudioVersion = 10.0.40219.1
Project("{F184B08F-C81C-45F6-A57F-5ABD9991F28F}") = "Bibliotheque", "Bibliotheque.vbproj", "{EDAC5C89-AB5D-4C8A-AC95-BF75645A0C71}"
EndProject
Global
	GlobalSection(SolutionConfigurationPlatforms) = preSolution
		Debug|Any CPU = Debug|Any CPU
		Release|Any CPU = Release|Any CPU
	EndGlobalSection
	GlobalSection(ProjectConfigurationPlatforms) = postSolution
		{EDAC5C89-AB5D-4C8A-AC95-BF75645A0C71}.Debug|Any CPU.ActiveCfg = Debug|Any CPU
		{EDAC5C89-AB5D-4C8A-AC95-BF75645A0C71}.Debug|Any CPU.Build.0 = Debug|Any CPU
		{EDAC5C89-AB5D-4C8A-AC95-BF75645A0C71}.Release|Any CPU.ActiveCfg = Release|Any CPU
		{EDAC5C89-AB5D-4C8A-AC95-BF75645A0C71}.Release|Any CPU.Build.0 = Release|Any CPU
	EndGlobalSection
	GlobalSection(SolutionProperties) = preSolution
		HideSolutionNode = FALSE
	EndGlobalSection
	GlobalSection(ExtensibilityGlobals) = postSolution
		SolutionGuid = {EAEE8AE0-45C2-443B-9A52-E25C931535BE}
	EndGlobalSection
EndGlobal
